
Microsoft Visual Studio Solution File, Format Version 12.00
# Visual Studio 2013
VisualStudioVersion = 12.0.30723.0
MinimumVisualStudioVersion = 10.0.40219.1
Project("{FAE04EC0-301F-11D3-BF4B-00C04F79EFBC}") = "OpenRSS", "OpenRSS\OpenRSS.csproj", "{AFA0D36F-F8C5-4897-8D36-11D155D3E144}"
EndProject
Project("{FAE04EC0-301F-11D3-BF4B-00C04F79EFBC}") = "ConsoleTool", "ConsoleTool\ConsoleTool.csproj", "{E51534B3-7DC5-4C27-BCC3-55ECBEDAFD8E}"
EndProject
Project("{FAE04EC0-301F-11D3-BF4B-00C04F79EFBC}") = "CacheSharp", "CacheSharp\CacheSharp.csproj", "{1CED8595-517F-4D5C-A8DC-487321A1D428}"
EndProject
Project("{FAE04EC0-301F-11D3-BF4B-00C04F79EFBC}") = "RSUtilities", "RSUtilities\RSUtilities.csproj", "{9241D02F-3C25-443C-8BE9-2F72ADE723EE}"
EndProject
Global
	GlobalSection(SolutionConfigurationPlatforms) = preSolution
		Debug|Any CPU = Debug|Any CPU
		Release|Any CPU = Release|Any CPU
	EndGlobalSection
	GlobalSection(ProjectConfigurationPlatforms) = postSolution
		{AFA0D36F-F8C5-4897-8D36-11D155D3E144}.Debug|Any CPU.ActiveCfg = Debug|Any CPU
		{AFA0D36F-F8C5-4897-8D36-11D155D3E144}.Debug|Any CPU.Build.0 = Debug|Any CPU
		{AFA0D36F-F8C5-4897-8D36-11D155D3E144}.Release|Any CPU.ActiveCfg = Release|Any CPU
		{AFA0D36F-F8C5-4897-8D36-11D155D3E144}.Release|Any CPU.Build.0 = Release|Any CPU
		{E51534B3-7DC5-4C27-BCC3-55ECBEDAFD8E}.Debug|Any CPU.ActiveCfg = Debug|Any CPU
		{E51534B3-7DC5-4C27-BCC3-55ECBEDAFD8E}.Debug|Any CPU.Build.0 = Debug|Any CPU
		{E51534B3-7DC5-4C27-BCC3-55ECBEDAFD8E}.Release|Any CPU.ActiveCfg = Release|Any CPU
		{E51534B3-7DC5-4C27-BCC3-55ECBEDAFD8E}.Release|Any CPU.Build.0 = Release|Any CPU
		{1CED8595-517F-4D5C-A8DC-487321A1D428}.Debug|Any CPU.ActiveCfg = Debug|Any CPU
		{1CED8595-517F-4D5C-A8DC-487321A1D428}.Debug|Any CPU.Build.0 = Debug|Any CPU
		{1CED8595-517F-4D5C-A8DC-487321A1D428}.Release|Any CPU.ActiveCfg = Release|Any CPU
		{1CED8595-517F-4D5C-A8DC-487321A1D428}.Release|Any CPU.Build.0 = Release|Any CPU
		{9241D02F-3C25-443C-8BE9-2F72ADE723EE}.Debug|Any CPU.ActiveCfg = Debug|Any CPU
		{9241D02F-3C25-443C-8BE9-2F72ADE723EE}.Debug|Any CPU.Build.0 = Debug|Any CPU
		{9241D02F-3C25-443C-8BE9-2F72ADE723EE}.Release|Any CPU.ActiveCfg = Release|Any CPU
		{9241D02F-3C25-443C-8BE9-2F72ADE723EE}.Release|Any CPU.Build.0 = Release|Any CPU
	EndGlobalSection
	GlobalSection(SolutionProperties) = preSolution
		HideSolutionNode = FALSE
	EndGlobalSection
EndGlobal
